
Microsoft Visual Studio Solution File, Format Version 12.00
# Visual Studio 14
VisualStudioVersion = 14.0.25420.1
MinimumVisualStudioVersion = 10.0.40219.1
Project("{FAE04EC0-301F-11D3-BF4B-00C04F79EFBC}") = "GUI1", "QuanLiCaFe\GUI1.csproj", "{F797FDEC-03B6-4173-BBA4-6555CF55406F}"
EndProject
Project("{FAE04EC0-301F-11D3-BF4B-00C04F79EFBC}") = "DTO2", "DTO2\DTO2.csproj", "{019A5EDD-B60E-4E88-AF80-C5E1C361D4C4}"
EndProject
Project("{FAE04EC0-301F-11D3-BF4B-00C04F79EFBC}") = "BUS2", "BUS2\BUS2.csproj", "{3FD9B0F7-3A55-4FED-A290-8BCD542AC7F6}"
EndProject
Project("{FAE04EC0-301F-11D3-BF4B-00C04F79EFBC}") = "DAL2", "DAL2\DAL2.csproj", "{906FE755-4236-4EBC-9872-57EDE647D42F}"
EndProject
Global
	GlobalSection(SolutionConfigurationPlatforms) = preSolution
		Debug|Any CPU = Debug|Any CPU
		Release|Any CPU = Release|Any CPU
	EndGlobalSection
	GlobalSection(ProjectConfigurationPlatforms) = postSolution
		{F797FDEC-03B6-4173-BBA4-6555CF55406F}.Debug|Any CPU.ActiveCfg = Debug|Any CPU
		{F797FDEC-03B6-4173-BBA4-6555CF55406F}.Debug|Any CPU.Build.0 = Debug|Any CPU
		{F797FDEC-03B6-4173-BBA4-6555CF55406F}.Release|Any CPU.ActiveCfg = Release|Any CPU
		{F797FDEC-03B6-4173-BBA4-6555CF55406F}.Release|Any CPU.Build.0 = Release|Any CPU
		{019A5EDD-B60E-4E88-AF80-C5E1C361D4C4}.Debug|Any CPU.ActiveCfg = Debug|Any CPU
		{019A5EDD-B60E-4E88-AF80-C5E1C361D4C4}.Debug|Any CPU.Build.0 = Debug|Any CPU
		{019A5EDD-B60E-4E88-AF80-C5E1C361D4C4}.Release|Any CPU.ActiveCfg = Release|Any CPU
		{019A5EDD-B60E-4E88-AF80-C5E1C361D4C4}.Release|Any CPU.Build.0 = Release|Any CPU
		{3FD9B0F7-3A55-4FED-A290-8BCD542AC7F6}.Debug|Any CPU.ActiveCfg = Debug|Any CPU
		{3FD9B0F7-3A55-4FED-A290-8BCD542AC7F6}.Debug|Any CPU.Build.0 = Debug|Any CPU
		{3FD9B0F7-3A55-4FED-A290-8BCD542AC7F6}.Release|Any CPU.ActiveCfg = Release|Any CPU
		{3FD9B0F7-3A55-4FED-A290-8BCD542AC7F6}.Release|Any CPU.Build.0 = Release|Any CPU
		{906FE755-4236-4EBC-9872-57EDE647D42F}.Debug|Any CPU.ActiveCfg = Debug|Any CPU
		{906FE755-4236-4EBC-9872-57EDE647D42F}.Debug|Any CPU.Build.0 = Debug|Any CPU
		{906FE755-4236-4EBC-9872-57EDE647D42F}.Release|Any CPU.ActiveCfg = Release|Any CPU
		{906FE755-4236-4EBC-9872-57EDE647D42F}.Release|Any CPU.Build.0 = Release|Any CPU
	EndGlobalSection
	GlobalSection(SolutionProperties) = preSolution
		HideSolutionNode = FALSE
	EndGlobalSection
EndGlobal
